
Microsoft Visual Studio Solution File, Format Version 12.00
# Visual Studio 15
VisualStudioVersion = 15.0.27703.2018
MinimumVisualStudioVersion = 10.0.40219.1
Project("{2150E333-8FDC-42A3-9474-1A3956D46DE8}") = "DotNetCplus", "DotNetCplus", "{A5D42888-9828-479C-86F9-1FF9F0CC13EB}"
EndProject
Project("{8BC9CEB8-8B4A-11D0-8D11-00A0C91BC942}") = "CplusCall", "DotNetCplus\CplusCall\CplusCall.vcxproj", "{03347FFB-B6A3-4538-B255-6E648B9A4EAB}"
EndProject
Project("{9A19103F-16F7-4668-BE54-9A1E7A4F7556}") = "CplusCalled", "DotNetCplus\CplusCalled\CplusCalled.csproj", "{E5020A08-4166-4C86-91A1-CD37899D12D5}"
EndProject
Project("{8BC9CEB8-8B4A-11D0-8D11-00A0C91BC942}") = "DotNetCalled", "DotNetCplus\DotNetCalled\DotNetCalled.vcxproj", "{53F14E2B-AA6E-403E-91D7-25CFA2BC3980}"
EndProject
Project("{FAE04EC0-301F-11D3-BF4B-00C04F79EFBC}") = "DotNetCall", "DotNetCplus\DotNetCall\DotNetCall.csproj", "{54F92CBE-375A-4CA5-A04C-6104E2CBE6AE}"
EndProject
Project("{2150E333-8FDC-42A3-9474-1A3956D46DE8}") = "PyCplus", "PyCplus", "{ED293627-6E2F-4FF4-B68F-548FADA4AB80}"
	ProjectSection(SolutionItems) = preProject
		PyCplus\NativeClass.cpp = PyCplus\NativeClass.cpp
		PyCplus\ReadeMe.txt = PyCplus\ReadeMe.txt
		TextFile1.txt = TextFile1.txt
	EndProjectSection
EndProject
Global
	GlobalSection(SolutionConfigurationPlatforms) = preSolution
		Debug|Any CPU = Debug|Any CPU
		Debug|x64 = Debug|x64
		Debug|x86 = Debug|x86
		Release|Any CPU = Release|Any CPU
		Release|x64 = Release|x64
		Release|x86 = Release|x86
	EndGlobalSection
	GlobalSection(ProjectConfigurationPlatforms) = postSolution
		{03347FFB-B6A3-4538-B255-6E648B9A4EAB}.Debug|Any CPU.ActiveCfg = Debug|Win32
		{03347FFB-B6A3-4538-B255-6E648B9A4EAB}.Debug|x64.ActiveCfg = Debug|x64
		{03347FFB-B6A3-4538-B255-6E648B9A4EAB}.Debug|x64.Build.0 = Debug|x64
		{03347FFB-B6A3-4538-B255-6E648B9A4EAB}.Debug|x86.ActiveCfg = Debug|Win32
		{03347FFB-B6A3-4538-B255-6E648B9A4EAB}.Debug|x86.Build.0 = Debug|Win32
		{03347FFB-B6A3-4538-B255-6E648B9A4EAB}.Release|Any CPU.ActiveCfg = Release|Win32
		{03347FFB-B6A3-4538-B255-6E648B9A4EAB}.Release|x64.ActiveCfg = Release|x64
		{03347FFB-B6A3-4538-B255-6E648B9A4EAB}.Release|x64.Build.0 = Release|x64
		{03347FFB-B6A3-4538-B255-6E648B9A4EAB}.Release|x86.ActiveCfg = Release|Win32
		{03347FFB-B6A3-4538-B255-6E648B9A4EAB}.Release|x86.Build.0 = Release|Win32
		{E5020A08-4166-4C86-91A1-CD37899D12D5}.Debug|Any CPU.ActiveCfg = Debug|Any CPU
		{E5020A08-4166-4C86-91A1-CD37899D12D5}.Debug|Any CPU.Build.0 = Debug|Any CPU
		{E5020A08-4166-4C86-91A1-CD37899D12D5}.Debug|x64.ActiveCfg = Debug|Any CPU
		{E5020A08-4166-4C86-91A1-CD37899D12D5}.Debug|x64.Build.0 = Debug|Any CPU
		{E5020A08-4166-4C86-91A1-CD37899D12D5}.Debug|x86.ActiveCfg = Debug|Any CPU
		{E5020A08-4166-4C86-91A1-CD37899D12D5}.Debug|x86.Build.0 = Debug|Any CPU
		{E5020A08-4166-4C86-91A1-CD37899D12D5}.Release|Any CPU.ActiveCfg = Release|Any CPU
		{E5020A08-4166-4C86-91A1-CD37899D12D5}.Release|Any CPU.Build.0 = Release|Any CPU
		{E5020A08-4166-4C86-91A1-CD37899D12D5}.Release|x64.ActiveCfg = Release|Any CPU
		{E5020A08-4166-4C86-91A1-CD37899D12D5}.Release|x64.Build.0 = Release|Any CPU
		{E5020A08-4166-4C86-91A1-CD37899D12D5}.Release|x86.ActiveCfg = Release|Any CPU
		{E5020A08-4166-4C86-91A1-CD37899D12D5}.Release|x86.Build.0 = Release|Any CPU
		{53F14E2B-AA6E-403E-91D7-25CFA2BC3980}.Debug|Any CPU.ActiveCfg = Debug|Win32
		{53F14E2B-AA6E-403E-91D7-25CFA2BC3980}.Debug|x64.ActiveCfg = Debug|x64
		{53F14E2B-AA6E-403E-91D7-25CFA2BC3980}.Debug|x64.Build.0 = Debug|x64
		{53F14E2B-AA6E-403E-91D7-25CFA2BC3980}.Debug|x86.ActiveCfg = Debug|Win32
		{53F14E2B-AA6E-403E-91D7-25CFA2BC3980}.Debug|x86.Build.0 = Debug|Win32
		{53F14E2B-AA6E-403E-91D7-25CFA2BC3980}.Release|Any CPU.ActiveCfg = Release|Win32
		{53F14E2B-AA6E-403E-91D7-25CFA2BC3980}.Release|x64.ActiveCfg = Release|x64
		{53F14E2B-AA6E-403E-91D7-25CFA2BC3980}.Release|x64.Build.0 = Release|x64
		{53F14E2B-AA6E-403E-91D7-25CFA2BC3980}.Release|x86.ActiveCfg = Release|Win32
		{53F14E2B-AA6E-403E-91D7-25CFA2BC3980}.Release|x86.Build.0 = Release|Win32
		{54F92CBE-375A-4CA5-A04C-6104E2CBE6AE}.Debug|Any CPU.ActiveCfg = Debug|Any CPU
		{54F92CBE-375A-4CA5-A04C-6104E2CBE6AE}.Debug|Any CPU.Build.0 = Debug|Any CPU
		{54F92CBE-375A-4CA5-A04C-6104E2CBE6AE}.Debug|x64.ActiveCfg = Debug|Any CPU
		{54F92CBE-375A-4CA5-A04C-6104E2CBE6AE}.Debug|x64.Build.0 = Debug|Any CPU
		{54F92CBE-375A-4CA5-A04C-6104E2CBE6AE}.Debug|x86.ActiveCfg = Debug|Any CPU
		{54F92CBE-375A-4CA5-A04C-6104E2CBE6AE}.Debug|x86.Build.0 = Debug|Any CPU
		{54F92CBE-375A-4CA5-A04C-6104E2CBE6AE}.Release|Any CPU.ActiveCfg = Release|Any CPU
		{54F92CBE-375A-4CA5-A04C-6104E2CBE6AE}.Release|Any CPU.Build.0 = Release|Any CPU
		{54F92CBE-375A-4CA5-A04C-6104E2CBE6AE}.Release|x64.ActiveCfg = Release|Any CPU
		{54F92CBE-375A-4CA5-A04C-6104E2CBE6AE}.Release|x64.Build.0 = Release|Any CPU
		{54F92CBE-375A-4CA5-A04C-6104E2CBE6AE}.Release|x86.ActiveCfg = Release|Any CPU
		{54F92CBE-375A-4CA5-A04C-6104E2CBE6AE}.Release|x86.Build.0 = Release|Any CPU
	EndGlobalSection
	GlobalSection(SolutionProperties) = preSolution
		HideSolutionNode = FALSE
	EndGlobalSection
	GlobalSection(NestedProjects) = preSolution
		{03347FFB-B6A3-4538-B255-6E648B9A4EAB} = {A5D42888-9828-479C-86F9-1FF9F0CC13EB}
		{E5020A08-4166-4C86-91A1-CD37899D12D5} = {A5D42888-9828-479C-86F9-1FF9F0CC13EB}
		{53F14E2B-AA6E-403E-91D7-25CFA2BC3980} = {A5D42888-9828-479C-86F9-1FF9F0CC13EB}
		{54F92CBE-375A-4CA5-A04C-6104E2CBE6AE} = {A5D42888-9828-479C-86F9-1FF9F0CC13EB}
	EndGlobalSection
	GlobalSection(ExtensibilityGlobals) = postSolution
		SolutionGuid = {43AB67E5-1902-4BC0-BC95-804C866C241E}
	EndGlobalSection
EndGlobal
